
Microsoft Visual Studio Solution File, Format Version 12.00
# Visual Studio 15
Project("{FAE04EC0-301F-11D3-BF4B-00C04F79EFBC}") = "Videojuegos", "Videojuegos\Videojuegos.csproj", "{5E058399-B120-4E1A-A6F7-37D00C678553}"
EndProject
Global
	GlobalSection(SolutionConfigurationPlatforms) = preSolution
		Debug|Any CPU = Debug|Any CPU
		Release|Any CPU = Release|Any CPU
	EndGlobalSection
	GlobalSection(ProjectConfigurationPlatforms) = postSolution
		{5E058399-B120-4E1A-A6F7-37D00C678553}.Debug|Any CPU.ActiveCfg = Debug|Any CPU
		{5E058399-B120-4E1A-A6F7-37D00C678553}.Debug|Any CPU.Build.0 = Debug|Any CPU
		{5E058399-B120-4E1A-A6F7-37D00C678553}.Release|Any CPU.ActiveCfg = Release|Any CPU
		{5E058399-B120-4E1A-A6F7-37D00C678553}.Release|Any CPU.Build.0 = Release|Any CPU
	EndGlobalSection
EndGlobal
